
Microsoft Visual Studio Solution File, Format Version 12.00
# Visual Studio Version 16
VisualStudioVersion = 16.0.31702.278
MinimumVisualStudioVersion = 10.0.40219.1
Project("{FAE04EC0-301F-11D3-BF4B-00C04F79EFBC}") = "Success", "Success\Success.csproj", "{652BF076-29E0-4140-B894-149332AF5382}"
EndProject
Global
	GlobalSection(SolutionConfigurationPlatforms) = preSolution
		Debug|Any CPU = Debug|Any CPU
		Release|Any CPU = Release|Any CPU
	EndGlobalSection
	GlobalSection(ProjectConfigurationPlatforms) = postSolution
		{652BF076-29E0-4140-B894-149332AF5382}.Debug|Any CPU.ActiveCfg = Debug|Any CPU
		{652BF076-29E0-4140-B894-149332AF5382}.Debug|Any CPU.Build.0 = Debug|Any CPU
		{652BF076-29E0-4140-B894-149332AF5382}.Release|Any CPU.ActiveCfg = Release|Any CPU
		{652BF076-29E0-4140-B894-149332AF5382}.Release|Any CPU.Build.0 = Release|Any CPU
	EndGlobalSection
	GlobalSection(SolutionProperties) = preSolution
		HideSolutionNode = FALSE
	EndGlobalSection
	GlobalSection(ExtensibilityGlobals) = postSolution
		SolutionGuid = {0A0A0A2D-A423-4781-AC93-8B00AEBAE9E5}
	EndGlobalSection
EndGlobal
